version = 1
revision = 3
requires-python = ">=3.12.4"

[[package]]
name = "boa-constructor"
version = "0.7.3"
source = { virtual = "." }
dependencies = [
    { name = "wxpython" },
]

[package.metadata]
requires-dist = [{ name = "wxpython", specifier = "==4.2.2" }]

[[package]]
name = "six"
version = "1.17.0"
source = { registry = "https://pypi.org/simple" }
sdist = { url = "https://files.pythonhosted.org/packages/94/e7/b2c673351809dca68a0e064b6af791aa332cf192da575fd474ed7d6f16a2/six-1.17.0.tar.gz", hash = "sha256:ff70335d468e7eb6ec65b95b99d3a2836546063f63acc5171de367e834932a81", size = 34031, upload-time = "2024-12-04T17:35:28.174Z" }
wheels = [
    { url = "https://files.pythonhosted.org/packages/b7/ce/149a00dd41f10bc29e5921b496af8b574d8413afcd5e30dfa0ed46c2cc5e/six-1.17.0-py2.py3-none-any.whl", hash = "sha256:4721f391ed90541fddacab5acf947aa0d3dc7d27b2e1e8eda2be8970586c3274", size = 11050, upload-time = "2024-12-04T17:35:26.475Z" },
]

[[package]]
name = "wxpython"
version = "4.2.2"
source = { registry = "https://pypi.org/simple" }
dependencies = [
    { name = "six" },
]
sdist = { url = "https://files.pythonhosted.org/packages/a4/f5/8c272764770f47fd419cc2eff4c4fa1c0681c71bcc2f3158b3a83d1339ff/wxPython-4.2.2.tar.gz", hash = "sha256:5dbcb0650f67fdc2c5965795a255ffaa3d7b09fb149aa8da2d0d9aa44e38e2ba", size = 57358880, upload-time = "2024-09-12T02:44:55.263Z" }
wheels = [
    { url = "https://files.pythonhosted.org/packages/5b/21/d59602847c7e2a577145cb85d0d02a7bb04abd7bcbbc4f316ac54d27a583/wxPython-4.2.2-cp312-cp312-macosx_10_10_universal2.whl", hash = "sha256:5d536110a674cb44ff6112d910b26fe6b062d670a6c3840a41036abfe83acc6b", size = 30430388, upload-time = "2024-09-12T02:44:19.556Z" },
    { url = "https://files.pythonhosted.org/packages/e5/ed/0b1e149646bcc857646c830a40de13cff0aa76852f2946d62d78b692bb6f/wxPython-4.2.2-cp312-cp312-win32.whl", hash = "sha256:5298662b83792fa8e66e60fdc298dbc317fcf61c68facc506182c2914faef0db", size = 14372221, upload-time = "2024-09-12T02:44:22.843Z" },
    { url = "https://files.pythonhosted.org/packages/8c/5c/5eced6cd588083d797e538d444a24a2ead8253205c3cb6bcc0cd11080281/wxPython-4.2.2-cp312-cp312-win_amd64.whl", hash = "sha256:ea0cc206d40d6749f98f60eae2105382685e26bbf6c5a62a853543a0f3fd0ad7", size = 16416508, upload-time = "2024-09-12T02:44:25.76Z" },
    { url = "https://files.pythonhosted.org/packages/4a/6c/d53b5ae0c039190f07f2cb77715f7b0c3c68588ff922e8f894c0c6b8f9e9/wxPython-4.2.2-cp313-cp313-macosx_10_13_universal2.whl", hash = "sha256:e3a6f0eebb8176135991851adbb1648da7f3beb0378752117c3b7ee05e8e55c6", size = 30431860, upload-time = "2024-09-12T02:44:28.895Z" },
    { url = "https://files.pythonhosted.org/packages/fa/b1/bc06c1abb212e1a2358588037d4fa5d5f4c962dd287478f4d54e425854a0/wxPython-4.2.2-cp313-cp313-win32.whl", hash = "sha256:c9310864b088d0f68d212360f261c8fec46a543c952da21805177519622b8524", size = 14368445, upload-time = "2024-09-12T02:44:31.593Z" },
    { url = "https://files.pythonhosted.org/packages/8c/df/5a9eca8dab4367c3efc27a42a6d6d407347261c2b7be5cead468d22f99e0/wxPython-4.2.2-cp313-cp313-win_amd64.whl", hash = "sha256:d8548ce4165e214601083d0d5767dba854a5e14f4e0ed4dbe56e2daf193a4575", size = 16416599, upload-time = "2024-09-12T02:44:34.459Z" },
]
